// !$*UTF8*$!
{
	archiveVersion = 1;
	classes = {
	};
	objectVersion = 46;
	objects = {

/* Begin PBXBuildFile section */
		958353181CDB5D450099E5C9 /* AppDelegate.swift in Sources */ = {isa = PBXBuildFile; fileRef = 958353171CDB5D450099E5C9 /* AppDelegate.swift */; };
		9583531A1CDB5D450099E5C9 /* GameScene.sks in Resources */ = {isa = PBXBuildFile; fileRef = 958353191CDB5D450099E5C9 /* GameScene.sks */; };
		9583531C1CDB5D450099E5C9 /* GameScene.swift in Sources */ = {isa = PBXBuildFile; fileRef = 9583531B1CDB5D450099E5C9 /* GameScene.swift */; };
		9583531E1CDB5D450099E5C9 /* GameViewController.swift in Sources */ = {isa = PBXBuildFile; fileRef = 9583531D1CDB5D450099E5C9 /* GameViewController.swift */; };
		958353211CDB5D450099E5C9 /* Main.storyboard in Resources */ = {isa = PBXBuildFile; fileRef = 9583531F1CDB5D450099E5C9 /* Main.storyboard */; };
		958353231CDB5D450099E5C9 /* Assets.xcassets in Resources */ = {isa = PBXBuildFile; fileRef = 958353221CDB5D450099E5C9 /* Assets.xcassets */; };
		958353261CDB5D450099E5C9 /* LaunchScreen.storyboard in Resources */ = {isa = PBXBuildFile; fileRef = 958353241CDB5D450099E5C9 /* LaunchScreen.storyboard */; };
		958353311CDB5D450099E5C9 /* TowerDefenceTests.swift in Sources */ = {isa = PBXBuildFile; fileRef = 958353301CDB5D450099E5C9 /* TowerDefenceTests.swift */; };
		95C57DA91CDB6D77006AB0F1 /* VisualComponent.swift in Sources */ = {isa = PBXBuildFile; fileRef = 95C57DA81CDB6D77006AB0F1 /* VisualComponent.swift */; };
/* End PBXBuildFile section */

/* Begin PBXContainerItemProxy section */
		9583532D1CDB5D450099E5C9 /* PBXContainerItemProxy */ = {
			isa = PBXContainerItemProxy;
			containerPortal = 9583530C1CDB5D450099E5C9 /* Project object */;
			proxyType = 1;
			remoteGlobalIDString = 958353131CDB5D450099E5C9;
			remoteInfo = TowerDefence;
		};
/* End PBXContainerItemProxy section */

/* Begin PBXFileReference section */
		958353141CDB5D450099E5C9 /* TowerDefence.app */ = {isa = PBXFileReference; explicitFileType = wrapper.application; includeInIndex = 0; path = TowerDefence.app; sourceTree = BUILT_PRODUCTS_DIR; };
		958353171CDB5D450099E5C9 /* AppDelegate.swift */ = {isa = PBXFileReference; lastKnownFileType = sourcecode.swift; path = AppDelegate.swift; sourceTree = "<group>"; };
		958353191CDB5D450099E5C9 /* GameScene.sks */ = {isa = PBXFileReference; lastKnownFileType = file.sks; path = GameScene.sks; sourceTree = "<group>"; };
		9583531B1CDB5D450099E5C9 /* GameScene.swift */ = {isa = PBXFileReference; lastKnownFileType = sourcecode.swift; path = GameScene.swift; sourceTree = "<group>"; };
		9583531D1CDB5D450099E5C9 /* GameViewController.swift */ = {isa = PBXFileReference; lastKnownFileType = sourcecode.swift; path = GameViewController.swift; sourceTree = "<group>"; };
		958353201CDB5D450099E5C9 /* Base */ = {isa = PBXFileReference; lastKnownFileType = file.storyboard; name = Base; path = Base.lproj/Main.storyboard; sourceTree = "<group>"; };
		958353221CDB5D450099E5C9 /* Assets.xcassets */ = {isa = PBXFileReference; lastKnownFileType = folder.assetcatalog; path = Assets.xcassets; sourceTree = "<group>"; };
		958353251CDB5D450099E5C9 /* Base */ = {isa = PBXFileReference; lastKnownFileType = file.storyboard; name = Base; path = Base.lproj/LaunchScreen.storyboard; sourceTree = "<group>"; };
		958353271CDB5D450099E5C9 /* Info.plist */ = {isa = PBXFileReference; lastKnownFileType = text.plist.xml; path = Info.plist; sourceTree = "<group>"; };
		9583532C1CDB5D450099E5C9 /* TowerDefenceTests.xctest */ = {isa = PBXFileReference; explicitFileType = wrapper.cfbundle; includeInIndex = 0; path = TowerDefenceTests.xctest; sourceTree = BUILT_PRODUCTS_DIR; };
		958353301CDB5D450099E5C9 /* TowerDefenceTests.swift */ = {isa = PBXFileReference; lastKnownFileType = sourcecode.swift; path = TowerDefenceTests.swift; sourceTree = "<group>"; };
		958353321CDB5D450099E5C9 /* Info.plist */ = {isa = PBXFileReference; lastKnownFileType = text.plist.xml; path = Info.plist; sourceTree = "<group>"; };
		95C57DA81CDB6D77006AB0F1 /* VisualComponent.swift */ = {isa = PBXFileReference; fileEncoding = 4; lastKnownFileType = sourcecode.swift; path = VisualComponent.swift; sourceTree = "<group>"; };
/* End PBXFileReference section */

/* Begin PBXFrameworksBuildPhase section */
		958353111CDB5D450099E5C9 /* Frameworks */ = {
			isa = PBXFrameworksBuildPhase;
			buildActionMask = 2147483647;
			files = (
			);
			runOnlyForDeploymentPostprocessing = 0;
		};
		958353291CDB5D450099E5C9 /* Frameworks */ = {
			isa = PBXFrameworksBuildPhase;
			buildActionMask = 2147483647;
			files = (
			);
			runOnlyForDeploymentPostprocessing = 0;
		};
/* End PBXFrameworksBuildPhase section */

/* Begin PBXGroup section */
		9583530B1CDB5D450099E5C9 = {
			isa = PBXGroup;
			children = (
				958353161CDB5D450099E5C9 /* TowerDefence */,
				9583532F1CDB5D450099E5C9 /* TowerDefenceTests */,
				958353151CDB5D450099E5C9 /* Products */,
			);
			sourceTree = "<group>";
		};
		958353151CDB5D450099E5C9 /* Products */ = {
			isa = PBXGroup;
			children = (
				958353141CDB5D450099E5C9 /* TowerDefence.app */,
				9583532C1CDB5D450099E5C9 /* TowerDefenceTests.xctest */,
			);
			name = Products;
			sourceTree = "<group>";
		};
		958353161CDB5D450099E5C9 /* TowerDefence */ = {
			isa = PBXGroup;
			children = (
				958353171CDB5D450099E5C9 /* AppDelegate.swift */,
				958353191CDB5D450099E5C9 /* GameScene.sks */,
				9583531B1CDB5D450099E5C9 /* GameScene.swift */,
				95C57DA81CDB6D77006AB0F1 /* VisualComponent.swift */,
				9583531D1CDB5D450099E5C9 /* GameViewController.swift */,
				9583531F1CDB5D450099E5C9 /* Main.storyboard */,
				958353221CDB5D450099E5C9 /* Assets.xcassets */,
				958353241CDB5D450099E5C9 /* LaunchScreen.storyboard */,
				958353271CDB5D450099E5C9 /* Info.plist */,
			);
			path = TowerDefence;
			sourceTree = "<group>";
		};
		9583532F1CDB5D450099E5C9 /* TowerDefenceTests */ = {
			isa = PBXGroup;
			children = (
				958353301CDB5D450099E5C9 /* TowerDefenceTests.swift */,
				958353321CDB5D450099E5C9 /* Info.plist */,
			);
			path = TowerDefenceTests;
			sourceTree = "<group>";
		};
/* End PBXGroup section */

/* Begin PBXNativeTarget section */
		958353131CDB5D450099E5C9 /* TowerDefence */ = {
			isa = PBXNativeTarget;
			buildConfigurationList = 958353351CDB5D450099E5C9 /* Build configuration list for PBXNativeTarget "TowerDefence" */;
			buildPhases = (
				958353101CDB5D450099E5C9 /* Sources */,
				958353111CDB5D450099E5C9 /* Frameworks */,
				958353121CDB5D450099E5C9 /* Resources */,
			);
			buildRules = (
			);
			dependencies = (
			);
			name = TowerDefence;
			productName = TowerDefence;
			productReference = 958353141CDB5D450099E5C9 /* TowerDefence.app */;
			productType = "com.apple.product-type.application";
		};
		9583532B1CDB5D450099E5C9 /* TowerDefenceTests */ = {
			isa = PBXNativeTarget;
			buildConfigurationList = 958353381CDB5D450099E5C9 /* Build configuration list for PBXNativeTarget "TowerDefenceTests" */;
			buildPhases = (
				958353281CDB5D450099E5C9 /* Sources */,
				958353291CDB5D450099E5C9 /* Frameworks */,
				9583532A1CDB5D450099E5C9 /* Resources */,
			);
			buildRules = (
			);
			dependencies = (
				9583532E1CDB5D450099E5C9 /* PBXTargetDependency */,
			);
			name = TowerDefenceTests;
			productName = TowerDefenceTests;
			productReference = 9583532C1CDB5D450099E5C9 /* TowerDefenceTests.xctest */;
			productType = "com.apple.product-type.bundle.unit-test";
		};
/* End PBXNativeTarget section */

/* Begin PBXProject section */
		9583530C1CDB5D450099E5C9 /* Project object */ = {
			isa = PBXProject;
			attributes = {
				LastSwiftUpdateCheck = 0730;
				LastUpgradeCheck = 0730;
				ORGANIZATIONNAME = "多田健太郎";
				TargetAttributes = {
					958353131CDB5D450099E5C9 = {
						CreatedOnToolsVersion = 7.3.1;
					};
					9583532B1CDB5D450099E5C9 = {
						CreatedOnToolsVersion = 7.3.1;
						TestTargetID = 958353131CDB5D450099E5C9;
					};
				};
			};
			buildConfigurationList = 9583530F1CDB5D450099E5C9 /* Build configuration list for PBXProject "TowerDefence" */;
			compatibilityVersion = "Xcode 3.2";
			developmentRegion = English;
			hasScannedForEncodings = 0;
			knownRegions = (
				en,
				Base,
			);
			mainGroup = 9583530B1CDB5D450099E5C9;
			productRefGroup = 958353151CDB5D450099E5C9 /* Products */;
			projectDirPath = "";
			projectRoot = "";
			targets = (
				958353131CDB5D450099E5C9 /* TowerDefence */,
				9583532B1CDB5D450099E5C9 /* TowerDefenceTests */,
			);
		};
/* End PBXProject section */

/* Begin PBXResourcesBuildPhase section */
		958353121CDB5D450099E5C9 /* Resources */ = {
			isa = PBXResourcesBuildPhase;
			buildActionMask = 2147483647;
			files = (
				9583531A1CDB5D450099E5C9 /* GameScene.sks in Resources */,
				958353261CDB5D450099E5C9 /* LaunchScreen.storyboard in Resources */,
				958353231CDB5D450099E5C9 /* Assets.xcassets in Resources */,
				958353211CDB5D450099E5C9 /* Main.storyboard in Resources */,
			);
			runOnlyForDeploymentPostprocessing = 0;
		};
		9583532A1CDB5D450099E5C9 /* Resources */ = {
			isa = PBXResourcesBuildPhase;
			buildActionMask = 2147483647;
			files = (
			);
			runOnlyForDeploymentPostprocessing = 0;
		};
/* End PBXResourcesBuildPhase section */

/* Begin PBXSourcesBuildPhase section */
		958353101CDB5D450099E5C9 /* Sources */ = {
			isa = PBXSourcesBuildPhase;
			buildActionMask = 2147483647;
			files = (
				9583531C1CDB5D450099E5C9 /* GameScene.swift in Sources */,
				9583531E1CDB5D450099E5C9 /* GameViewController.swift in Sources */,
				958353181CDB5D450099E5C9 /* AppDelegate.swift in Sources */,
				95C57DA91CDB6D77006AB0F1 /* VisualComponent.swift in Sources */,
			);
			runOnlyForDeploymentPostprocessing = 0;
		};
		958353281CDB5D450099E5C9 /* Sources */ = {
			isa = PBXSourcesBuildPhase;
			buildActionMask = 2147483647;
			files = (
				958353311CDB5D450099E5C9 /* TowerDefenceTests.swift in Sources */,
			);
			runOnlyForDeploymentPostprocessing = 0;
		};
/* End PBXSourcesBuildPhase section */

/* Begin PBXTargetDependency section */
		9583532E1CDB5D450099E5C9 /* PBXTargetDependency */ = {
			isa = PBXTargetDependency;
			target = 958353131CDB5D450099E5C9 /* TowerDefence */;
			targetProxy = 9583532D1CDB5D450099E5C9 /* PBXContainerItemProxy */;
		};
/* End PBXTargetDependency section */

/* Begin PBXVariantGroup section */
		9583531F1CDB5D450099E5C9 /* Main.storyboard */ = {
			isa = PBXVariantGroup;
			children = (
				958353201CDB5D450099E5C9 /* Base */,
			);
			name = Main.storyboard;
			sourceTree = "<group>";
		};
		958353241CDB5D450099E5C9 /* LaunchScreen.storyboard */ = {
			isa = PBXVariantGroup;
			children = (
				958353251CDB5D450099E5C9 /* Base */,
			);
			name = LaunchScreen.storyboard;
			sourceTree = "<group>";
		};
/* End PBXVariantGroup section */

/* Begin XCBuildConfiguration section */
		958353331CDB5D450099E5C9 /* Debug */ = {
			isa = XCBuildConfiguration;
			buildSettings = {
				ALWAYS_SEARCH_USER_PATHS = NO;
				CLANG_ANALYZER_NONNULL = YES;
				CLANG_CXX_LANGUAGE_STANDARD = "gnu++0x";
				CLANG_CXX_LIBRARY = "libc++";
				CLANG_ENABLE_MODULES = YES;
				CLANG_ENABLE_OBJC_ARC = YES;
				CLANG_WARN_BOOL_CONVERSION = YES;
				CLANG_WARN_CONSTANT_CONVERSION = YES;
				CLANG_WARN_DIRECT_OBJC_ISA_USAGE = YES_ERROR;
				CLANG_WARN_EMPTY_BODY = YES;
				CLANG_WARN_ENUM_CONVERSION = YES;
				CLANG_WARN_INT_CONVERSION = YES;
				CLANG_WARN_OBJC_ROOT_CLASS = YES_ERROR;
				CLANG_WARN_UNREACHABLE_CODE = YES;
				CLANG_WARN__DUPLICATE_METHOD_MATCH = YES;
				"CODE_SIGN_IDENTITY[sdk=iphoneos*]" = "iPhone Developer";
				COPY_PHASE_STRIP = NO;
				DEBUG_INFORMATION_FORMAT = "dwarf-with-dsym";
				ENABLE_STRICT_OBJC_MSGSEND = YES;
				ENABLE_TESTABILITY = YES;
				GCC_C_LANGUAGE_STANDARD = gnu99;
				GCC_DYNAMIC_NO_PIC = NO;
				GCC_NO_COMMON_BLOCKS = YES;
				GCC_OPTIMIZATION_LEVEL = 0;
				GCC_PREPROCESSOR_DEFINITIONS = (
					"DEBUG=1",
					"$(inherited)",
				);
				GCC_WARN_64_TO_32_BIT_CONVERSION = YES;
				GCC_WARN_ABOUT_RETURN_TYPE = YES_ERROR;
				GCC_WARN_UNDECLARED_SELECTOR = YES;
				GCC_WARN_UNINITIALIZED_AUTOS = YES_AGGRESSIVE;
				GCC_WARN_UNUSED_FUNCTION = YES;
				GCC_WARN_UNUSED_VARIABLE = YES;
				IPHONEOS_DEPLOYMENT_TARGET = 9.3;
				MTL_ENABLE_DEBUG_INFO = YES;
				ONLY_ACTIVE_ARCH = YES;
				SDKROOT = iphoneos;
				SWIFT_OPTIMIZATION_LEVEL = "-Onone";
				TARGETED_DEVICE_FAMILY = "1,2";
			};
			name = Debug;
		};
		958353341CDB5D450099E5C9 /* Release */ = {
			isa = XCBuildConfiguration;
			buildSettings = {
				ALWAYS_SEARCH_USER_PATHS = NO;
				CLANG_ANALYZER_NONNULL = YES;
				CLANG_CXX_LANGUAGE_STANDARD = "gnu++0x";
				CLANG_CXX_LIBRARY = "libc++";
				CLANG_ENABLE_MODULES = YES;
				CLANG_ENABLE_OBJC_ARC = YES;
				CLANG_WARN_BOOL_CONVERSION = YES;
				CLANG_WARN_CONSTANT_CONVERSION = YES;
				CLANG_WARN_DIRECT_OBJC_ISA_USAGE = YES_ERROR;
				CLANG_WARN_EMPTY_BODY = YES;
				CLANG_WARN_ENUM_CONVERSION = YES;
				CLANG_WARN_INT_CONVERSION = YES;
				CLANG_WARN_OBJC_ROOT_CLASS = YES_ERROR;
				CLANG_WARN_UNREACHABLE_CODE = YES;
				CLANG_WARN__DUPLICATE_METHOD_MATCH = YES;
				"CODE_SIGN_IDENTITY[sdk=iphoneos*]" = "iPhone Developer";
				COPY_PHASE_STRIP = NO;
				DEBUG_INFORMATION_FORMAT = "dwarf-with-dsym";
				ENABLE_NS_ASSERTIONS = NO;
				ENABLE_STRICT_OBJC_MSGSEND = YES;
				GCC_C_LANGUAGE_STANDARD = gnu99;
				GCC_NO_COMMON_BLOCKS = YES;
				GCC_WARN_64_TO_32_BIT_CONVERSION = YES;
				GCC_WARN_ABOUT_RETURN_TYPE = YES_ERROR;
				GCC_WARN_UNDECLARED_SELECTOR = YES;
				GCC_WARN_UNINITIALIZED_AUTOS = YES_AGGRESSIVE;
				GCC_WARN_UNUSED_FUNCTION = YES;
				GCC_WARN_UNUSED_VARIABLE = YES;
				IPHONEOS_DEPLOYMENT_TARGET = 9.3;
				MTL_ENABLE_DEBUG_INFO = NO;
				SDKROOT = iphoneos;
				TARGETED_DEVICE_FAMILY = "1,2";
				VALIDATE_PRODUCT = YES;
			};
			name = Release;
		};
		958353361CDB5D450099E5C9 /* Debug */ = {
			isa = XCBuildConfiguration;
			buildSettings = {
				ASSETCATALOG_COMPILER_APPICON_NAME = AppIcon;
				INFOPLIST_FILE = TowerDefence/Info.plist;
				LD_RUNPATH_SEARCH_PATHS = "$(inherited) @executable_path/Frameworks";
				PRODUCT_BUNDLE_IDENTIFIER = com.ktada.TowerDefence;
				PRODUCT_NAME = "$(TARGET_NAME)";
			};
			name = Debug;
		};
		958353371CDB5D450099E5C9 /* Release */ = {
			isa = XCBuildConfiguration;
			buildSettings = {
				ASSETCATALOG_COMPILER_APPICON_NAME = AppIcon;
				INFOPLIST_FILE = TowerDefence/Info.plist;
				LD_RUNPATH_SEARCH_PATHS = "$(inherited) @executable_path/Frameworks";
				PRODUCT_BUNDLE_IDENTIFIER = com.ktada.TowerDefence;
				PRODUCT_NAME = "$(TARGET_NAME)";
			};
			name = Release;
		};
		958353391CDB5D450099E5C9 /* Debug */ = {
			isa = XCBuildConfiguration;
			buildSettings = {
				BUNDLE_LOADER = "$(TEST_HOST)";
				DEBUG_INFORMATION_FORMAT = dwarf;
				INFOPLIST_FILE = TowerDefenceTests/Info.plist;
				LD_RUNPATH_SEARCH_PATHS = "$(inherited) @executable_path/Frameworks @loader_path/Frameworks";
				PRODUCT_BUNDLE_IDENTIFIER = com.ktada.TowerDefenceTests;
				PRODUCT_NAME = "$(TARGET_NAME)";
				TEST_HOST = "$(BUILT_PRODUCTS_DIR)/TowerDefence.app/TowerDefence";
			};
			name = Debug;
		};
		9583533A1CDB5D450099E5C9 /* Release */ = {
			isa = XCBuildConfiguration;
			buildSettings = {
				BUNDLE_LOADER = "$(TEST_HOST)";
				INFOPLIST_FILE = TowerDefenceTests/Info.plist;
				LD_RUNPATH_SEARCH_PATHS = "$(inherited) @executable_path/Frameworks @loader_path/Frameworks";
				PRODUCT_BUNDLE_IDENTIFIER = com.ktada.TowerDefenceTests;
				PRODUCT_NAME = "$(TARGET_NAME)";
				TEST_HOST = "$(BUILT_PRODUCTS_DIR)/TowerDefence.app/TowerDefence";
			};
			name = Release;
		};
/* End XCBuildConfiguration section */

/* Begin XCConfigurationList section */
		9583530F1CDB5D450099E5C9 /* Build configuration list for PBXProject "TowerDefence" */ = {
			isa = XCConfigurationList;
			buildConfigurations = (
				958353331CDB5D450099E5C9 /* Debug */,
				958353341CDB5D450099E5C9 /* Release */,
			);
			defaultConfigurationIsVisible = 0;
			defaultConfigurationName = Release;
		};
		958353351CDB5D450099E5C9 /* Build configuration list for PBXNativeTarget "TowerDefence" */ = {
			isa = XCConfigurationList;
			buildConfigurations = (
				958353361CDB5D450099E5C9 /* Debug */,
				958353371CDB5D450099E5C9 /* Release */,
			);
			defaultConfigurationIsVisible = 0;
			defaultConfigurationName = Release;
		};
		958353381CDB5D450099E5C9 /* Build configuration list for PBXNativeTarget "TowerDefenceTests" */ = {
			isa = XCConfigurationList;
			buildConfigurations = (
				958353391CDB5D450099E5C9 /* Debug */,
				9583533A1CDB5D450099E5C9 /* Release */,
			);
			defaultConfigurationIsVisible = 0;
			defaultConfigurationName = Release;
		};
/* End XCConfigurationList section */
	};
	rootObject = 9583530C1CDB5D450099E5C9 /* Project object */;
}
